
Microsoft Visual Studio Solution File, Format Version 12.00
# Visual Studio Version 17
VisualStudioVersion = 17.9.34607.119
MinimumVisualStudioVersion = 10.0.40219.1
Project("{FAE04EC0-301F-11D3-BF4B-00C04F79EFBC}") = "TODO.WebApi", "TODO.WebApi\TODO.WebApi.csproj", "{F0BAF635-9857-44FF-A79D-6257292AC5A7}"
EndProject
Global
	GlobalSection(SolutionConfigurationPlatforms) = preSolution
		Debug|Any CPU = Debug|Any CPU
		Release|Any CPU = Release|Any CPU
	EndGlobalSection
	GlobalSection(ProjectConfigurationPlatforms) = postSolution
		{F0BAF635-9857-44FF-A79D-6257292AC5A7}.Debug|Any CPU.ActiveCfg = Debug|Any CPU
		{F0BAF635-9857-44FF-A79D-6257292AC5A7}.Debug|Any CPU.Build.0 = Debug|Any CPU
		{F0BAF635-9857-44FF-A79D-6257292AC5A7}.Release|Any CPU.ActiveCfg = Release|Any CPU
		{F0BAF635-9857-44FF-A79D-6257292AC5A7}.Release|Any CPU.Build.0 = Release|Any CPU
	EndGlobalSection
	GlobalSection(SolutionProperties) = preSolution
		HideSolutionNode = FALSE
	EndGlobalSection
	GlobalSection(ExtensibilityGlobals) = postSolution
		SolutionGuid = {2452FD0F-4343-40F3-86CB-B03B1262FD9E}
	EndGlobalSection
EndGlobal
